
Microsoft Visual Studio Solution File, Format Version 12.00
# Visual Studio Version 17
VisualStudioVersion = 17.10.35122.118
MinimumVisualStudioVersion = 10.0.40219.1
Project("{FAE04EC0-301F-11D3-BF4B-00C04F79EFBC}") = "Menu", "Menu\Menu.csproj", "{0369C0E9-EB70-4050-877F-C203F6E8CE93}"
EndProject
Global
	GlobalSection(SolutionConfigurationPlatforms) = preSolution
		Debug|Any CPU = Debug|Any CPU
		Release|Any CPU = Release|Any CPU
	EndGlobalSection
	GlobalSection(ProjectConfigurationPlatforms) = postSolution
		{0369C0E9-EB70-4050-877F-C203F6E8CE93}.Debug|Any CPU.ActiveCfg = Debug|Any CPU
		{0369C0E9-EB70-4050-877F-C203F6E8CE93}.Debug|Any CPU.Build.0 = Debug|Any CPU
		{0369C0E9-EB70-4050-877F-C203F6E8CE93}.Release|Any CPU.ActiveCfg = Release|Any CPU
		{0369C0E9-EB70-4050-877F-C203F6E8CE93}.Release|Any CPU.Build.0 = Release|Any CPU
	EndGlobalSection
	GlobalSection(SolutionProperties) = preSolution
		HideSolutionNode = FALSE
	EndGlobalSection
	GlobalSection(ExtensibilityGlobals) = postSolution
		SolutionGuid = {1B33A9E5-FA20-4697-9BD1-597824F25D09}
	EndGlobalSection
EndGlobal
